
Microsoft Visual Studio Solution File, Format Version 12.00
# Visual Studio 14
VisualStudioVersion = 14.0.25420.1
MinimumVisualStudioVersion = 10.0.40219.1
Project("{FAE04EC0-301F-11D3-BF4B-00C04F79EFBC}") = "Good_Lookz", "Good Lookz\Good_Lookz\Good_Lookz.csproj", "{B6D24249-21D8-46FF-846C-337D2BC8948C}"
EndProject
Project("{FAE04EC0-301F-11D3-BF4B-00C04F79EFBC}") = "Good_Lookz.Droid", "Good Lookz\Good_Lookz.Droid\Good_Lookz.Droid.csproj", "{DEF44A69-9DE1-4EB3-B060-FA137B52E049}"
EndProject
Project("{FAE04EC0-301F-11D3-BF4B-00C04F79EFBC}") = "Good_Lookz.iOS", "Good Lookz\Good_Lookz.iOS\Good_Lookz.iOS.csproj", "{FA23EEB7-CD71-4598-AE32-9449FF9D10BF}"
EndProject
Project("{FAE04EC0-301F-11D3-BF4B-00C04F79EFBC}") = "Good_Lookz.WinPhone", "Good Lookz\Good_Lookz.WinPhone\Good_Lookz.WinPhone.csproj", "{EADDCCF2-446E-45CC-A76A-38DA4D84AA72}"
EndProject
Project("{FAE04EC0-301F-11D3-BF4B-00C04F79EFBC}") = "Good_Lookz.Windows", "Good Lookz\Good_Lookz.Windows\Good_Lookz.Windows.csproj", "{EB1A052D-938D-4670-B12B-5D425BD36875}"
EndProject
Global
	GlobalSection(SolutionConfigurationPlatforms) = preSolution
		Ad-Hoc|Any CPU = Ad-Hoc|Any CPU
		Ad-Hoc|ARM = Ad-Hoc|ARM
		Ad-Hoc|iPhone = Ad-Hoc|iPhone
		Ad-Hoc|iPhoneSimulator = Ad-Hoc|iPhoneSimulator
		Ad-Hoc|x64 = Ad-Hoc|x64
		Ad-Hoc|x86 = Ad-Hoc|x86
		AppStore|Any CPU = AppStore|Any CPU
		AppStore|ARM = AppStore|ARM
		AppStore|iPhone = AppStore|iPhone
		AppStore|iPhoneSimulator = AppStore|iPhoneSimulator
		AppStore|x64 = AppStore|x64
		AppStore|x86 = AppStore|x86
		Debug|Any CPU = Debug|Any CPU
		Debug|ARM = Debug|ARM
		Debug|iPhone = Debug|iPhone
		Debug|iPhoneSimulator = Debug|iPhoneSimulator
		Debug|x64 = Debug|x64
		Debug|x86 = Debug|x86
		Release|Any CPU = Release|Any CPU
		Release|ARM = Release|ARM
		Release|iPhone = Release|iPhone
		Release|iPhoneSimulator = Release|iPhoneSimulator
		Release|x64 = Release|x64
		Release|x86 = Release|x86
	EndGlobalSection
	GlobalSection(ProjectConfigurationPlatforms) = postSolution
		{B6D24249-21D8-46FF-846C-337D2BC8948C}.Ad-Hoc|Any CPU.ActiveCfg = Release|Any CPU
		{B6D24249-21D8-46FF-846C-337D2BC8948C}.Ad-Hoc|Any CPU.Build.0 = Release|Any CPU
		{B6D24249-21D8-46FF-846C-337D2BC8948C}.Ad-Hoc|ARM.ActiveCfg = Release|Any CPU
		{B6D24249-21D8-46FF-846C-337D2BC8948C}.Ad-Hoc|ARM.Build.0 = Release|Any CPU
		{B6D24249-21D8-46FF-846C-337D2BC8948C}.Ad-Hoc|iPhone.ActiveCfg = Release|Any CPU
		{B6D24249-21D8-46FF-846C-337D2BC8948C}.Ad-Hoc|iPhone.Build.0 = Release|Any CPU
		{B6D24249-21D8-46FF-846C-337D2BC8948C}.Ad-Hoc|iPhoneSimulator.ActiveCfg = Release|Any CPU
		{B6D24249-21D8-46FF-846C-337D2BC8948C}.Ad-Hoc|iPhoneSimulator.Build.0 = Release|Any CPU
		{B6D24249-21D8-46FF-846C-337D2BC8948C}.Ad-Hoc|x64.ActiveCfg = Release|Any CPU
		{B6D24249-21D8-46FF-846C-337D2BC8948C}.Ad-Hoc|x64.Build.0 = Release|Any CPU
		{B6D24249-21D8-46FF-846C-337D2BC8948C}.Ad-Hoc|x86.ActiveCfg = Release|Any CPU
		{B6D24249-21D8-46FF-846C-337D2BC8948C}.Ad-Hoc|x86.Build.0 = Release|Any CPU
		{B6D24249-21D8-46FF-846C-337D2BC8948C}.AppStore|Any CPU.ActiveCfg = Release|Any CPU
		{B6D24249-21D8-46FF-846C-337D2BC8948C}.AppStore|Any CPU.Build.0 = Release|Any CPU
		{B6D24249-21D8-46FF-846C-337D2BC8948C}.AppStore|ARM.ActiveCfg = Release|Any CPU
		{B6D24249-21D8-46FF-846C-337D2BC8948C}.AppStore|ARM.Build.0 = Release|Any CPU
		{B6D24249-21D8-46FF-846C-337D2BC8948C}.AppStore|iPhone.ActiveCfg = Release|Any CPU
		{B6D24249-21D8-46FF-846C-337D2BC8948C}.AppStore|iPhone.Build.0 = Release|Any CPU
		{B6D24249-21D8-46FF-846C-337D2BC8948C}.AppStore|iPhoneSimulator.ActiveCfg = Release|Any CPU
		{B6D24249-21D8-46FF-846C-337D2BC8948C}.AppStore|iPhoneSimulator.Build.0 = Release|Any CPU
		{B6D24249-21D8-46FF-846C-337D2BC8948C}.AppStore|x64.ActiveCfg = Release|Any CPU
		{B6D24249-21D8-46FF-846C-337D2BC8948C}.AppStore|x64.Build.0 = Release|Any CPU
		{B6D24249-21D8-46FF-846C-337D2BC8948C}.AppStore|x86.ActiveCfg = Release|Any CPU
		{B6D24249-21D8-46FF-846C-337D2BC8948C}.AppStore|x86.Build.0 = Release|Any CPU
		{B6D24249-21D8-46FF-846C-337D2BC8948C}.Debug|Any CPU.ActiveCfg = Debug|Any CPU
		{B6D24249-21D8-46FF-846C-337D2BC8948C}.Debug|Any CPU.Build.0 = Debug|Any CPU
		{B6D24249-21D8-46FF-846C-337D2BC8948C}.Debug|ARM.ActiveCfg = Debug|Any CPU
		{B6D24249-21D8-46FF-846C-337D2BC8948C}.Debug|ARM.Build.0 = Debug|Any CPU
		{B6D24249-21D8-46FF-846C-337D2BC8948C}.Debug|iPhone.ActiveCfg = Debug|Any CPU
		{B6D24249-21D8-46FF-846C-337D2BC8948C}.Debug|iPhone.Build.0 = Debug|Any CPU
		{B6D24249-21D8-46FF-846C-337D2BC8948C}.Debug|iPhoneSimulator.ActiveCfg = Debug|Any CPU
		{B6D24249-21D8-46FF-846C-337D2BC8948C}.Debug|iPhoneSimulator.Build.0 = Debug|Any CPU
		{B6D24249-21D8-46FF-846C-337D2BC8948C}.Debug|x64.ActiveCfg = Debug|Any CPU
		{B6D24249-21D8-46FF-846C-337D2BC8948C}.Debug|x64.Build.0 = Debug|Any CPU
		{B6D24249-21D8-46FF-846C-337D2BC8948C}.Debug|x86.ActiveCfg = Debug|Any CPU
		{B6D24249-21D8-46FF-846C-337D2BC8948C}.Debug|x86.Build.0 = Debug|Any CPU
		{B6D24249-21D8-46FF-846C-337D2BC8948C}.Release|Any CPU.ActiveCfg = Release|Any CPU
		{B6D24249-21D8-46FF-846C-337D2BC8948C}.Release|Any CPU.Build.0 = Release|Any CPU
		{B6D24249-21D8-46FF-846C-337D2BC8948C}.Release|ARM.ActiveCfg = Release|Any CPU
		{B6D24249-21D8-46FF-846C-337D2BC8948C}.Release|ARM.Build.0 = Release|Any CPU
		{B6D24249-21D8-46FF-846C-337D2BC8948C}.Release|iPhone.ActiveCfg = Release|Any CPU
		{B6D24249-21D8-46FF-846C-337D2BC8948C}.Release|iPhone.Build.0 = Release|Any CPU
		{B6D24249-21D8-46FF-846C-337D2BC8948C}.Release|iPhoneSimulator.ActiveCfg = Release|Any CPU
		{B6D24249-21D8-46FF-846C-337D2BC8948C}.Release|iPhoneSimulator.Build.0 = Release|Any CPU
		{B6D24249-21D8-46FF-846C-337D2BC8948C}.Release|x64.ActiveCfg = Release|Any CPU
		{B6D24249-21D8-46FF-846C-337D2BC8948C}.Release|x64.Build.0 = Release|Any CPU
		{B6D24249-21D8-46FF-846C-337D2BC8948C}.Release|x86.ActiveCfg = Release|Any CPU
		{B6D24249-21D8-46FF-846C-337D2BC8948C}.Release|x86.Build.0 = Release|Any CPU
		{DEF44A69-9DE1-4EB3-B060-FA137B52E049}.Ad-Hoc|Any CPU.ActiveCfg = Release|Any CPU
		{DEF44A69-9DE1-4EB3-B060-FA137B52E049}.Ad-Hoc|Any CPU.Build.0 = Release|Any CPU
		{DEF44A69-9DE1-4EB3-B060-FA137B52E049}.Ad-Hoc|Any CPU.Deploy.0 = Release|Any CPU
		{DEF44A69-9DE1-4EB3-B060-FA137B52E049}.Ad-Hoc|ARM.ActiveCfg = Release|Any CPU
		{DEF44A69-9DE1-4EB3-B060-FA137B52E049}.Ad-Hoc|ARM.Build.0 = Release|Any CPU
		{DEF44A69-9DE1-4EB3-B060-FA137B52E049}.Ad-Hoc|ARM.Deploy.0 = Release|Any CPU
		{DEF44A69-9DE1-4EB3-B060-FA137B52E049}.Ad-Hoc|iPhone.ActiveCfg = Release|Any CPU
		{DEF44A69-9DE1-4EB3-B060-FA137B52E049}.Ad-Hoc|iPhone.Build.0 = Release|Any CPU
		{DEF44A69-9DE1-4EB3-B060-FA137B52E049}.Ad-Hoc|iPhone.Deploy.0 = Release|Any CPU
		{DEF44A69-9DE1-4EB3-B060-FA137B52E049}.Ad-Hoc|iPhoneSimulator.ActiveCfg = Release|Any CPU
		{DEF44A69-9DE1-4EB3-B060-FA137B52E049}.Ad-Hoc|iPhoneSimulator.Build.0 = Release|Any CPU
		{DEF44A69-9DE1-4EB3-B060-FA137B52E049}.Ad-Hoc|iPhoneSimulator.Deploy.0 = Release|Any CPU
		{DEF44A69-9DE1-4EB3-B060-FA137B52E049}.Ad-Hoc|x64.ActiveCfg = Release|Any CPU
		{DEF44A69-9DE1-4EB3-B060-FA137B52E049}.Ad-Hoc|x64.Build.0 = Release|Any CPU
		{DEF44A69-9DE1-4EB3-B060-FA137B52E049}.Ad-Hoc|x64.Deploy.0 = Release|Any CPU
		{DEF44A69-9DE1-4EB3-B060-FA137B52E049}.Ad-Hoc|x86.ActiveCfg = Release|Any CPU
		{DEF44A69-9DE1-4EB3-B060-FA137B52E049}.Ad-Hoc|x86.Build.0 = Release|Any CPU
		{DEF44A69-9DE1-4EB3-B060-FA137B52E049}.Ad-Hoc|x86.Deploy.0 = Release|Any CPU
		{DEF44A69-9DE1-4EB3-B060-FA137B52E049}.AppStore|Any CPU.ActiveCfg = Release|Any CPU
		{DEF44A69-9DE1-4EB3-B060-FA137B52E049}.AppStore|Any CPU.Build.0 = Release|Any CPU
		{DEF44A69-9DE1-4EB3-B060-FA137B52E049}.AppStore|Any CPU.Deploy.0 = Release|Any CPU
		{DEF44A69-9DE1-4EB3-B060-FA137B52E049}.AppStore|ARM.ActiveCfg = Release|Any CPU
		{DEF44A69-9DE1-4EB3-B060-FA137B52E049}.AppStore|ARM.Build.0 = Release|Any CPU
		{DEF44A69-9DE1-4EB3-B060-FA137B52E049}.AppStore|ARM.Deploy.0 = Release|Any CPU
		{DEF44A69-9DE1-4EB3-B060-FA137B52E049}.AppStore|iPhone.ActiveCfg = Release|Any CPU
		{DEF44A69-9DE1-4EB3-B060-FA137B52E049}.AppStore|iPhone.Build.0 = Release|Any CPU
		{DEF44A69-9DE1-4EB3-B060-FA137B52E049}.AppStore|iPhone.Deploy.0 = Release|Any CPU
		{DEF44A69-9DE1-4EB3-B060-FA137B52E049}.AppStore|iPhoneSimulator.ActiveCfg = Release|Any CPU
		{DEF44A69-9DE1-4EB3-B060-FA137B52E049}.AppStore|iPhoneSimulator.Build.0 = Release|Any CPU
		{DEF44A69-9DE1-4EB3-B060-FA137B52E049}.AppStore|iPhoneSimulator.Deploy.0 = Release|Any CPU
		{DEF44A69-9DE1-4EB3-B060-FA137B52E049}.AppStore|x64.ActiveCfg = Release|Any CPU
		{DEF44A69-9DE1-4EB3-B060-FA137B52E049}.AppStore|x64.Build.0 = Release|Any CPU
		{DEF44A69-9DE1-4EB3-B060-FA137B52E049}.AppStore|x64.Deploy.0 = Release|Any CPU
		{DEF44A69-9DE1-4EB3-B060-FA137B52E049}.AppStore|x86.ActiveCfg = Release|Any CPU
		{DEF44A69-9DE1-4EB3-B060-FA137B52E049}.AppStore|x86.Build.0 = Release|Any CPU
		{DEF44A69-9DE1-4EB3-B060-FA137B52E049}.AppStore|x86.Deploy.0 = Release|Any CPU
		{DEF44A69-9DE1-4EB3-B060-FA137B52E049}.Debug|Any CPU.ActiveCfg = Debug|Any CPU
		{DEF44A69-9DE1-4EB3-B060-FA137B52E049}.Debug|Any CPU.Build.0 = Debug|Any CPU
		{DEF44A69-9DE1-4EB3-B060-FA137B52E049}.Debug|Any CPU.Deploy.0 = Debug|Any CPU
		{DEF44A69-9DE1-4EB3-B060-FA137B52E049}.Debug|ARM.ActiveCfg = Debug|Any CPU
		{DEF44A69-9DE1-4EB3-B060-FA137B52E049}.Debug|ARM.Build.0 = Debug|Any CPU
		{DEF44A69-9DE1-4EB3-B060-FA137B52E049}.Debug|ARM.Deploy.0 = Debug|Any CPU
		{DEF44A69-9DE1-4EB3-B060-FA137B52E049}.Debug|iPhone.ActiveCfg = Debug|Any CPU
		{DEF44A69-9DE1-4EB3-B060-FA137B52E049}.Debug|iPhone.Build.0 = Debug|Any CPU
		{DEF44A69-9DE1-4EB3-B060-FA137B52E049}.Debug|iPhone.Deploy.0 = Debug|Any CPU
		{DEF44A69-9DE1-4EB3-B060-FA137B52E049}.Debug|iPhoneSimulator.ActiveCfg = Debug|Any CPU
		{DEF44A69-9DE1-4EB3-B060-FA137B52E049}.Debug|iPhoneSimulator.Build.0 = Debug|Any CPU
		{DEF44A69-9DE1-4EB3-B060-FA137B52E049}.Debug|iPhoneSimulator.Deploy.0 = Debug|Any CPU
		{DEF44A69-9DE1-4EB3-B060-FA137B52E049}.Debug|x64.ActiveCfg = Debug|Any CPU
		{DEF44A69-9DE1-4EB3-B060-FA137B52E049}.Debug|x64.Build.0 = Debug|Any CPU
		{DEF44A69-9DE1-4EB3-B060-FA137B52E049}.Debug|x64.Deploy.0 = Debug|Any CPU
		{DEF44A69-9DE1-4EB3-B060-FA137B52E049}.Debug|x86.ActiveCfg = Debug|Any CPU
		{DEF44A69-9DE1-4EB3-B060-FA137B52E049}.Debug|x86.Build.0 = Debug|Any CPU
		{DEF44A69-9DE1-4EB3-B060-FA137B52E049}.Debug|x86.Deploy.0 = Debug|Any CPU
		{DEF44A69-9DE1-4EB3-B060-FA137B52E049}.Release|Any CPU.ActiveCfg = Release|Any CPU
		{DEF44A69-9DE1-4EB3-B060-FA137B52E049}.Release|Any CPU.Build.0 = Release|Any CPU
		{DEF44A69-9DE1-4EB3-B060-FA137B52E049}.Release|Any CPU.Deploy.0 = Release|Any CPU
		{DEF44A69-9DE1-4EB3-B060-FA137B52E049}.Release|ARM.ActiveCfg = Release|Any CPU
		{DEF44A69-9DE1-4EB3-B060-FA137B52E049}.Release|ARM.Build.0 = Release|Any CPU
		{DEF44A69-9DE1-4EB3-B060-FA137B52E049}.Release|ARM.Deploy.0 = Release|Any CPU
		{DEF44A69-9DE1-4EB3-B060-FA137B52E049}.Release|iPhone.ActiveCfg = Release|Any CPU
		{DEF44A69-9DE1-4EB3-B060-FA137B52E049}.Release|iPhone.Build.0 = Release|Any CPU
		{DEF44A69-9DE1-4EB3-B060-FA137B52E049}.Release|iPhone.Deploy.0 = Release|Any CPU
		{DEF44A69-9DE1-4EB3-B060-FA137B52E049}.Release|iPhoneSimulator.ActiveCfg = Release|Any CPU
		{DEF44A69-9DE1-4EB3-B060-FA137B52E049}.Release|iPhoneSimulator.Build.0 = Release|Any CPU
		{DEF44A69-9DE1-4EB3-B060-FA137B52E049}.Release|iPhoneSimulator.Deploy.0 = Release|Any CPU
		{DEF44A69-9DE1-4EB3-B060-FA137B52E049}.Release|x64.ActiveCfg = Release|Any CPU
		{DEF44A69-9DE1-4EB3-B060-FA137B52E049}.Release|x64.Build.0 = Release|Any CPU
		{DEF44A69-9DE1-4EB3-B060-FA137B52E049}.Release|x64.Deploy.0 = Release|Any CPU
		{DEF44A69-9DE1-4EB3-B060-FA137B52E049}.Release|x86.ActiveCfg = Release|Any CPU
		{DEF44A69-9DE1-4EB3-B060-FA137B52E049}.Release|x86.Build.0 = Release|Any CPU
		{DEF44A69-9DE1-4EB3-B060-FA137B52E049}.Release|x86.Deploy.0 = Release|Any CPU
		{FA23EEB7-CD71-4598-AE32-9449FF9D10BF}.Ad-Hoc|Any CPU.ActiveCfg = Ad-Hoc|iPhone
		{FA23EEB7-CD71-4598-AE32-9449FF9D10BF}.Ad-Hoc|ARM.ActiveCfg = Ad-Hoc|iPhone
		{FA23EEB7-CD71-4598-AE32-9449FF9D10BF}.Ad-Hoc|iPhone.ActiveCfg = Ad-Hoc|iPhone
		{FA23EEB7-CD71-4598-AE32-9449FF9D10BF}.Ad-Hoc|iPhone.Build.0 = Ad-Hoc|iPhone
		{FA23EEB7-CD71-4598-AE32-9449FF9D10BF}.Ad-Hoc|iPhoneSimulator.ActiveCfg = Ad-Hoc|iPhoneSimulator
		{FA23EEB7-CD71-4598-AE32-9449FF9D10BF}.Ad-Hoc|iPhoneSimulator.Build.0 = Ad-Hoc|iPhoneSimulator
		{FA23EEB7-CD71-4598-AE32-9449FF9D10BF}.Ad-Hoc|x64.ActiveCfg = Ad-Hoc|iPhone
		{FA23EEB7-CD71-4598-AE32-9449FF9D10BF}.Ad-Hoc|x86.ActiveCfg = Ad-Hoc|iPhone
		{FA23EEB7-CD71-4598-AE32-9449FF9D10BF}.AppStore|Any CPU.ActiveCfg = AppStore|iPhone
		{FA23EEB7-CD71-4598-AE32-9449FF9D10BF}.AppStore|ARM.ActiveCfg = AppStore|iPhone
		{FA23EEB7-CD71-4598-AE32-9449FF9D10BF}.AppStore|iPhone.ActiveCfg = AppStore|iPhone
		{FA23EEB7-CD71-4598-AE32-9449FF9D10BF}.AppStore|iPhone.Build.0 = AppStore|iPhone
		{FA23EEB7-CD71-4598-AE32-9449FF9D10BF}.AppStore|iPhoneSimulator.ActiveCfg = AppStore|iPhoneSimulator
		{FA23EEB7-CD71-4598-AE32-9449FF9D10BF}.AppStore|iPhoneSimulator.Build.0 = AppStore|iPhoneSimulator
		{FA23EEB7-CD71-4598-AE32-9449FF9D10BF}.AppStore|x64.ActiveCfg = AppStore|iPhone
		{FA23EEB7-CD71-4598-AE32-9449FF9D10BF}.AppStore|x86.ActiveCfg = AppStore|iPhone
		{FA23EEB7-CD71-4598-AE32-9449FF9D10BF}.Debug|Any CPU.ActiveCfg = Debug|iPhone
		{FA23EEB7-CD71-4598-AE32-9449FF9D10BF}.Debug|ARM.ActiveCfg = Debug|iPhone
		{FA23EEB7-CD71-4598-AE32-9449FF9D10BF}.Debug|iPhone.ActiveCfg = Debug|iPhone
		{FA23EEB7-CD71-4598-AE32-9449FF9D10BF}.Debug|iPhone.Build.0 = Debug|iPhone
		{FA23EEB7-CD71-4598-AE32-9449FF9D10BF}.Debug|iPhoneSimulator.ActiveCfg = Debug|iPhoneSimulator
		{FA23EEB7-CD71-4598-AE32-9449FF9D10BF}.Debug|iPhoneSimulator.Build.0 = Debug|iPhoneSimulator
		{FA23EEB7-CD71-4598-AE32-9449FF9D10BF}.Debug|x64.ActiveCfg = Debug|iPhone
		{FA23EEB7-CD71-4598-AE32-9449FF9D10BF}.Debug|x86.ActiveCfg = Debug|iPhone
		{FA23EEB7-CD71-4598-AE32-9449FF9D10BF}.Release|Any CPU.ActiveCfg = Release|iPhone
		{FA23EEB7-CD71-4598-AE32-9449FF9D10BF}.Release|ARM.ActiveCfg = Release|iPhone
		{FA23EEB7-CD71-4598-AE32-9449FF9D10BF}.Release|iPhone.ActiveCfg = Release|iPhone
		{FA23EEB7-CD71-4598-AE32-9449FF9D10BF}.Release|iPhone.Build.0 = Release|iPhone
		{FA23EEB7-CD71-4598-AE32-9449FF9D10BF}.Release|iPhoneSimulator.ActiveCfg = Release|iPhoneSimulator
		{FA23EEB7-CD71-4598-AE32-9449FF9D10BF}.Release|iPhoneSimulator.Build.0 = Release|iPhoneSimulator
		{FA23EEB7-CD71-4598-AE32-9449FF9D10BF}.Release|x64.ActiveCfg = Release|iPhone
		{FA23EEB7-CD71-4598-AE32-9449FF9D10BF}.Release|x86.ActiveCfg = Release|iPhone
		{EADDCCF2-446E-45CC-A76A-38DA4D84AA72}.Ad-Hoc|Any CPU.ActiveCfg = Release|Any CPU
		{EADDCCF2-446E-45CC-A76A-38DA4D84AA72}.Ad-Hoc|Any CPU.Build.0 = Release|Any CPU
		{EADDCCF2-446E-45CC-A76A-38DA4D84AA72}.Ad-Hoc|Any CPU.Deploy.0 = Release|Any CPU
		{EADDCCF2-446E-45CC-A76A-38DA4D84AA72}.Ad-Hoc|ARM.ActiveCfg = Release|ARM
		{EADDCCF2-446E-45CC-A76A-38DA4D84AA72}.Ad-Hoc|ARM.Build.0 = Release|ARM
		{EADDCCF2-446E-45CC-A76A-38DA4D84AA72}.Ad-Hoc|ARM.Deploy.0 = Release|ARM
		{EADDCCF2-446E-45CC-A76A-38DA4D84AA72}.Ad-Hoc|iPhone.ActiveCfg = Release|Any CPU
		{EADDCCF2-446E-45CC-A76A-38DA4D84AA72}.Ad-Hoc|iPhone.Build.0 = Release|Any CPU
		{EADDCCF2-446E-45CC-A76A-38DA4D84AA72}.Ad-Hoc|iPhone.Deploy.0 = Release|Any CPU
		{EADDCCF2-446E-45CC-A76A-38DA4D84AA72}.Ad-Hoc|iPhoneSimulator.ActiveCfg = Release|Any CPU
		{EADDCCF2-446E-45CC-A76A-38DA4D84AA72}.Ad-Hoc|iPhoneSimulator.Build.0 = Release|Any CPU
		{EADDCCF2-446E-45CC-A76A-38DA4D84AA72}.Ad-Hoc|iPhoneSimulator.Deploy.0 = Release|Any CPU
		{EADDCCF2-446E-45CC-A76A-38DA4D84AA72}.Ad-Hoc|x64.ActiveCfg = Release|Any CPU
		{EADDCCF2-446E-45CC-A76A-38DA4D84AA72}.Ad-Hoc|x64.Build.0 = Release|Any CPU
		{EADDCCF2-446E-45CC-A76A-38DA4D84AA72}.Ad-Hoc|x64.Deploy.0 = Release|Any CPU
		{EADDCCF2-446E-45CC-A76A-38DA4D84AA72}.Ad-Hoc|x86.ActiveCfg = Release|x86
		{EADDCCF2-446E-45CC-A76A-38DA4D84AA72}.Ad-Hoc|x86.Build.0 = Release|x86
		{EADDCCF2-446E-45CC-A76A-38DA4D84AA72}.Ad-Hoc|x86.Deploy.0 = Release|x86
		{EADDCCF2-446E-45CC-A76A-38DA4D84AA72}.AppStore|Any CPU.ActiveCfg = Release|Any CPU
		{EADDCCF2-446E-45CC-A76A-38DA4D84AA72}.AppStore|Any CPU.Build.0 = Release|Any CPU
		{EADDCCF2-446E-45CC-A76A-38DA4D84AA72}.AppStore|Any CPU.Deploy.0 = Release|Any CPU
		{EADDCCF2-446E-45CC-A76A-38DA4D84AA72}.AppStore|ARM.ActiveCfg = Release|ARM
		{EADDCCF2-446E-45CC-A76A-38DA4D84AA72}.AppStore|ARM.Build.0 = Release|ARM
		{EADDCCF2-446E-45CC-A76A-38DA4D84AA72}.AppStore|ARM.Deploy.0 = Release|ARM
		{EADDCCF2-446E-45CC-A76A-38DA4D84AA72}.AppStore|iPhone.ActiveCfg = Release|Any CPU
		{EADDCCF2-446E-45CC-A76A-38DA4D84AA72}.AppStore|iPhone.Build.0 = Release|Any CPU
		{EADDCCF2-446E-45CC-A76A-38DA4D84AA72}.AppStore|iPhone.Deploy.0 = Release|Any CPU
		{EADDCCF2-446E-45CC-A76A-38DA4D84AA72}.AppStore|iPhoneSimulator.ActiveCfg = Release|Any CPU
		{EADDCCF2-446E-45CC-A76A-38DA4D84AA72}.AppStore|iPhoneSimulator.Build.0 = Release|Any CPU
		{EADDCCF2-446E-45CC-A76A-38DA4D84AA72}.AppStore|iPhoneSimulator.Deploy.0 = Release|Any CPU
		{EADDCCF2-446E-45CC-A76A-38DA4D84AA72}.AppStore|x64.ActiveCfg = Release|Any CPU
		{EADDCCF2-446E-45CC-A76A-38DA4D84AA72}.AppStore|x64.Build.0 = Release|Any CPU
		{EADDCCF2-446E-45CC-A76A-38DA4D84AA72}.AppStore|x64.Deploy.0 = Release|Any CPU
		{EADDCCF2-446E-45CC-A76A-38DA4D84AA72}.AppStore|x86.ActiveCfg = Release|x86
		{EADDCCF2-446E-45CC-A76A-38DA4D84AA72}.AppStore|x86.Build.0 = Release|x86
		{EADDCCF2-446E-45CC-A76A-38DA4D84AA72}.AppStore|x86.Deploy.0 = Release|x86
		{EADDCCF2-446E-45CC-A76A-38DA4D84AA72}.Debug|Any CPU.ActiveCfg = Debug|Any CPU
		{EADDCCF2-446E-45CC-A76A-38DA4D84AA72}.Debug|Any CPU.Build.0 = Debug|Any CPU
		{EADDCCF2-446E-45CC-A76A-38DA4D84AA72}.Debug|Any CPU.Deploy.0 = Debug|Any CPU
		{EADDCCF2-446E-45CC-A76A-38DA4D84AA72}.Debug|ARM.ActiveCfg = Debug|ARM
		{EADDCCF2-446E-45CC-A76A-38DA4D84AA72}.Debug|ARM.Build.0 = Debug|ARM
		{EADDCCF2-446E-45CC-A76A-38DA4D84AA72}.Debug|ARM.Deploy.0 = Debug|ARM
		{EADDCCF2-446E-45CC-A76A-38DA4D84AA72}.Debug|iPhone.ActiveCfg = Debug|Any CPU
		{EADDCCF2-446E-45CC-A76A-38DA4D84AA72}.Debug|iPhone.Build.0 = Debug|Any CPU
		{EADDCCF2-446E-45CC-A76A-38DA4D84AA72}.Debug|iPhone.Deploy.0 = Debug|Any CPU
		{EADDCCF2-446E-45CC-A76A-38DA4D84AA72}.Debug|iPhoneSimulator.ActiveCfg = Debug|Any CPU
		{EADDCCF2-446E-45CC-A76A-38DA4D84AA72}.Debug|iPhoneSimulator.Build.0 = Debug|Any CPU
		{EADDCCF2-446E-45CC-A76A-38DA4D84AA72}.Debug|iPhoneSimulator.Deploy.0 = Debug|Any CPU
		{EADDCCF2-446E-45CC-A76A-38DA4D84AA72}.Debug|x64.ActiveCfg = Debug|Any CPU
		{EADDCCF2-446E-45CC-A76A-38DA4D84AA72}.Debug|x64.Build.0 = Debug|Any CPU
		{EADDCCF2-446E-45CC-A76A-38DA4D84AA72}.Debug|x64.Deploy.0 = Debug|Any CPU
		{EADDCCF2-446E-45CC-A76A-38DA4D84AA72}.Debug|x86.ActiveCfg = Debug|x86
		{EADDCCF2-446E-45CC-A76A-38DA4D84AA72}.Debug|x86.Build.0 = Debug|x86
		{EADDCCF2-446E-45CC-A76A-38DA4D84AA72}.Debug|x86.Deploy.0 = Debug|x86
		{EADDCCF2-446E-45CC-A76A-38DA4D84AA72}.Release|Any CPU.ActiveCfg = Release|Any CPU
		{EADDCCF2-446E-45CC-A76A-38DA4D84AA72}.Release|Any CPU.Build.0 = Release|Any CPU
		{EADDCCF2-446E-45CC-A76A-38DA4D84AA72}.Release|Any CPU.Deploy.0 = Release|Any CPU
		{EADDCCF2-446E-45CC-A76A-38DA4D84AA72}.Release|ARM.ActiveCfg = Release|ARM
		{EADDCCF2-446E-45CC-A76A-38DA4D84AA72}.Release|ARM.Build.0 = Release|ARM
		{EADDCCF2-446E-45CC-A76A-38DA4D84AA72}.Release|ARM.Deploy.0 = Release|ARM
		{EADDCCF2-446E-45CC-A76A-38DA4D84AA72}.Release|iPhone.ActiveCfg = Release|Any CPU
		{EADDCCF2-446E-45CC-A76A-38DA4D84AA72}.Release|iPhone.Build.0 = Release|Any CPU
		{EADDCCF2-446E-45CC-A76A-38DA4D84AA72}.Release|iPhone.Deploy.0 = Release|Any CPU
		{EADDCCF2-446E-45CC-A76A-38DA4D84AA72}.Release|iPhoneSimulator.ActiveCfg = Release|Any CPU
		{EADDCCF2-446E-45CC-A76A-38DA4D84AA72}.Release|iPhoneSimulator.Build.0 = Release|Any CPU
		{EADDCCF2-446E-45CC-A76A-38DA4D84AA72}.Release|iPhoneSimulator.Deploy.0 = Release|Any CPU
		{EADDCCF2-446E-45CC-A76A-38DA4D84AA72}.Release|x64.ActiveCfg = Release|Any CPU
		{EADDCCF2-446E-45CC-A76A-38DA4D84AA72}.Release|x64.Build.0 = Release|Any CPU
		{EADDCCF2-446E-45CC-A76A-38DA4D84AA72}.Release|x64.Deploy.0 = Release|Any CPU
		{EADDCCF2-446E-45CC-A76A-38DA4D84AA72}.Release|x86.ActiveCfg = Release|x86
		{EADDCCF2-446E-45CC-A76A-38DA4D84AA72}.Release|x86.Build.0 = Release|x86
		{EADDCCF2-446E-45CC-A76A-38DA4D84AA72}.Release|x86.Deploy.0 = Release|x86
		{EB1A052D-938D-4670-B12B-5D425BD36875}.Ad-Hoc|Any CPU.ActiveCfg = Release|Any CPU
		{EB1A052D-938D-4670-B12B-5D425BD36875}.Ad-Hoc|Any CPU.Build.0 = Release|Any CPU
		{EB1A052D-938D-4670-B12B-5D425BD36875}.Ad-Hoc|Any CPU.Deploy.0 = Release|Any CPU
		{EB1A052D-938D-4670-B12B-5D425BD36875}.Ad-Hoc|ARM.ActiveCfg = Release|ARM
		{EB1A052D-938D-4670-B12B-5D425BD36875}.Ad-Hoc|ARM.Build.0 = Release|ARM
		{EB1A052D-938D-4670-B12B-5D425BD36875}.Ad-Hoc|ARM.Deploy.0 = Release|ARM
		{EB1A052D-938D-4670-B12B-5D425BD36875}.Ad-Hoc|iPhone.ActiveCfg = Release|Any CPU
		{EB1A052D-938D-4670-B12B-5D425BD36875}.Ad-Hoc|iPhone.Build.0 = Release|Any CPU
		{EB1A052D-938D-4670-B12B-5D425BD36875}.Ad-Hoc|iPhone.Deploy.0 = Release|Any CPU
		{EB1A052D-938D-4670-B12B-5D425BD36875}.Ad-Hoc|iPhoneSimulator.ActiveCfg = Release|Any CPU
		{EB1A052D-938D-4670-B12B-5D425BD36875}.Ad-Hoc|iPhoneSimulator.Build.0 = Release|Any CPU
		{EB1A052D-938D-4670-B12B-5D425BD36875}.Ad-Hoc|iPhoneSimulator.Deploy.0 = Release|Any CPU
		{EB1A052D-938D-4670-B12B-5D425BD36875}.Ad-Hoc|x64.ActiveCfg = Release|x64
		{EB1A052D-938D-4670-B12B-5D425BD36875}.Ad-Hoc|x64.Build.0 = Release|x64
		{EB1A052D-938D-4670-B12B-5D425BD36875}.Ad-Hoc|x64.Deploy.0 = Release|x64
		{EB1A052D-938D-4670-B12B-5D425BD36875}.Ad-Hoc|x86.ActiveCfg = Release|x86
		{EB1A052D-938D-4670-B12B-5D425BD36875}.Ad-Hoc|x86.Build.0 = Release|x86
		{EB1A052D-938D-4670-B12B-5D425BD36875}.Ad-Hoc|x86.Deploy.0 = Release|x86
		{EB1A052D-938D-4670-B12B-5D425BD36875}.AppStore|Any CPU.ActiveCfg = Release|Any CPU
		{EB1A052D-938D-4670-B12B-5D425BD36875}.AppStore|Any CPU.Build.0 = Release|Any CPU
		{EB1A052D-938D-4670-B12B-5D425BD36875}.AppStore|Any CPU.Deploy.0 = Release|Any CPU
		{EB1A052D-938D-4670-B12B-5D425BD36875}.AppStore|ARM.ActiveCfg = Release|ARM
		{EB1A052D-938D-4670-B12B-5D425BD36875}.AppStore|ARM.Build.0 = Release|ARM
		{EB1A052D-938D-4670-B12B-5D425BD36875}.AppStore|ARM.Deploy.0 = Release|ARM
		{EB1A052D-938D-4670-B12B-5D425BD36875}.AppStore|iPhone.ActiveCfg = Release|Any CPU
		{EB1A052D-938D-4670-B12B-5D425BD36875}.AppStore|iPhone.Build.0 = Release|Any CPU
		{EB1A052D-938D-4670-B12B-5D425BD36875}.AppStore|iPhone.Deploy.0 = Release|Any CPU
		{EB1A052D-938D-4670-B12B-5D425BD36875}.AppStore|iPhoneSimulator.ActiveCfg = Release|Any CPU
		{EB1A052D-938D-4670-B12B-5D425BD36875}.AppStore|iPhoneSimulator.Build.0 = Release|Any CPU
		{EB1A052D-938D-4670-B12B-5D425BD36875}.AppStore|iPhoneSimulator.Deploy.0 = Release|Any CPU
		{EB1A052D-938D-4670-B12B-5D425BD36875}.AppStore|x64.ActiveCfg = Release|x64
		{EB1A052D-938D-4670-B12B-5D425BD36875}.AppStore|x64.Build.0 = Release|x64
		{EB1A052D-938D-4670-B12B-5D425BD36875}.AppStore|x64.Deploy.0 = Release|x64
		{EB1A052D-938D-4670-B12B-5D425BD36875}.AppStore|x86.ActiveCfg = Release|x86
		{EB1A052D-938D-4670-B12B-5D425BD36875}.AppStore|x86.Build.0 = Release|x86
		{EB1A052D-938D-4670-B12B-5D425BD36875}.AppStore|x86.Deploy.0 = Release|x86
		{EB1A052D-938D-4670-B12B-5D425BD36875}.Debug|Any CPU.ActiveCfg = Debug|Any CPU
		{EB1A052D-938D-4670-B12B-5D425BD36875}.Debug|Any CPU.Build.0 = Debug|Any CPU
		{EB1A052D-938D-4670-B12B-5D425BD36875}.Debug|Any CPU.Deploy.0 = Debug|Any CPU
		{EB1A052D-938D-4670-B12B-5D425BD36875}.Debug|ARM.ActiveCfg = Debug|ARM
		{EB1A052D-938D-4670-B12B-5D425BD36875}.Debug|ARM.Build.0 = Debug|ARM
		{EB1A052D-938D-4670-B12B-5D425BD36875}.Debug|ARM.Deploy.0 = Debug|ARM
		{EB1A052D-938D-4670-B12B-5D425BD36875}.Debug|iPhone.ActiveCfg = Debug|Any CPU
		{EB1A052D-938D-4670-B12B-5D425BD36875}.Debug|iPhone.Build.0 = Debug|Any CPU
		{EB1A052D-938D-4670-B12B-5D425BD36875}.Debug|iPhone.Deploy.0 = Debug|Any CPU
		{EB1A052D-938D-4670-B12B-5D425BD36875}.Debug|iPhoneSimulator.ActiveCfg = Debug|Any CPU
		{EB1A052D-938D-4670-B12B-5D425BD36875}.Debug|iPhoneSimulator.Build.0 = Debug|Any CPU
		{EB1A052D-938D-4670-B12B-5D425BD36875}.Debug|iPhoneSimulator.Deploy.0 = Debug|Any CPU
		{EB1A052D-938D-4670-B12B-5D425BD36875}.Debug|x64.ActiveCfg = Debug|x64
		{EB1A052D-938D-4670-B12B-5D425BD36875}.Debug|x64.Build.0 = Debug|x64
		{EB1A052D-938D-4670-B12B-5D425BD36875}.Debug|x64.Deploy.0 = Debug|x64
		{EB1A052D-938D-4670-B12B-5D425BD36875}.Debug|x86.ActiveCfg = Debug|x86
		{EB1A052D-938D-4670-B12B-5D425BD36875}.Debug|x86.Build.0 = Debug|x86
		{EB1A052D-938D-4670-B12B-5D425BD36875}.Debug|x86.Deploy.0 = Debug|x86
		{EB1A052D-938D-4670-B12B-5D425BD36875}.Release|Any CPU.ActiveCfg = Release|Any CPU
		{EB1A052D-938D-4670-B12B-5D425BD36875}.Release|Any CPU.Build.0 = Release|Any CPU
		{EB1A052D-938D-4670-B12B-5D425BD36875}.Release|Any CPU.Deploy.0 = Release|Any CPU
		{EB1A052D-938D-4670-B12B-5D425BD36875}.Release|ARM.ActiveCfg = Release|ARM
		{EB1A052D-938D-4670-B12B-5D425BD36875}.Release|ARM.Build.0 = Release|ARM
		{EB1A052D-938D-4670-B12B-5D425BD36875}.Release|ARM.Deploy.0 = Release|ARM
		{EB1A052D-938D-4670-B12B-5D425BD36875}.Release|iPhone.ActiveCfg = Release|Any CPU
		{EB1A052D-938D-4670-B12B-5D425BD36875}.Release|iPhone.Build.0 = Release|Any CPU
		{EB1A052D-938D-4670-B12B-5D425BD36875}.Release|iPhone.Deploy.0 = Release|Any CPU
		{EB1A052D-938D-4670-B12B-5D425BD36875}.Release|iPhoneSimulator.ActiveCfg = Release|Any CPU
		{EB1A052D-938D-4670-B12B-5D425BD36875}.Release|iPhoneSimulator.Build.0 = Release|Any CPU
		{EB1A052D-938D-4670-B12B-5D425BD36875}.Release|iPhoneSimulator.Deploy.0 = Release|Any CPU
		{EB1A052D-938D-4670-B12B-5D425BD36875}.Release|x64.ActiveCfg = Release|x64
		{EB1A052D-938D-4670-B12B-5D425BD36875}.Release|x64.Build.0 = Release|x64
		{EB1A052D-938D-4670-B12B-5D425BD36875}.Release|x64.Deploy.0 = Release|x64
		{EB1A052D-938D-4670-B12B-5D425BD36875}.Release|x86.ActiveCfg = Release|x86
		{EB1A052D-938D-4670-B12B-5D425BD36875}.Release|x86.Build.0 = Release|x86
		{EB1A052D-938D-4670-B12B-5D425BD36875}.Release|x86.Deploy.0 = Release|x86
	EndGlobalSection
	GlobalSection(SolutionProperties) = preSolution
		HideSolutionNode = FALSE
	EndGlobalSection
EndGlobal
